
Microsoft Visual Studio Solution File, Format Version 12.00
# Visual Studio 15
VisualStudioVersion = 15.0.28307.168
MinimumVisualStudioVersion = 10.0.40219.1
Project("{FAE04EC0-301F-11D3-BF4B-00C04F79EFBC}") = "YouLearn.Domain", "YouLearn.Domain\YouLearn.Domain.csproj", "{74F6D669-FF8B-4839-AF54-942820C8B9AA}"
EndProject
Global
	GlobalSection(SolutionConfigurationPlatforms) = preSolution
		Debug|Any CPU = Debug|Any CPU
		Release|Any CPU = Release|Any CPU
	EndGlobalSection
	GlobalSection(ProjectConfigurationPlatforms) = postSolution
		{74F6D669-FF8B-4839-AF54-942820C8B9AA}.Debug|Any CPU.ActiveCfg = Debug|Any CPU
		{74F6D669-FF8B-4839-AF54-942820C8B9AA}.Debug|Any CPU.Build.0 = Debug|Any CPU
		{74F6D669-FF8B-4839-AF54-942820C8B9AA}.Release|Any CPU.ActiveCfg = Release|Any CPU
		{74F6D669-FF8B-4839-AF54-942820C8B9AA}.Release|Any CPU.Build.0 = Release|Any CPU
	EndGlobalSection
	GlobalSection(SolutionProperties) = preSolution
		HideSolutionNode = FALSE
	EndGlobalSection
	GlobalSection(ExtensibilityGlobals) = postSolution
		SolutionGuid = {C8C9A8A1-03CA-48B2-A10C-19C6B51361BA}
	EndGlobalSection
EndGlobal
